
Microsoft Visual Studio Solution File, Format Version 12.00
# Visual Studio 15
VisualStudioVersion = 15.0.28307.271
MinimumVisualStudioVersion = 10.0.40219.1
Project("{FAE04EC0-301F-11D3-BF4B-00C04F79EFBC}") = "MainEngine", "MainEngine\MainEngine.csproj", "{84B55137-014B-448C-97DE-FC3C7D7B90E5}"
EndProject
Project("{FAE04EC0-301F-11D3-BF4B-00C04F79EFBC}") = "SecuritySafetyModule", "SecuritySafetyDecision\SecuritySafetyModule.csproj", "{799EAED5-0479-4760-8421-DBB73D17CD27}"
EndProject
Project("{FAE04EC0-301F-11D3-BF4B-00C04F79EFBC}") = "AvailabilityModule", "AvailabilityDecision\AvailabilityModule.csproj", "{284610F8-7924-4DBD-95FC-4C9DE5353916}"
EndProject
Project("{FAE04EC0-301F-11D3-BF4B-00C04F79EFBC}") = "FormsModule", "FormsModule\FormsModule.csproj", "{F529CAC2-B500-44A1-B18B-D72776062CE6}"
EndProject
Project("{FAE04EC0-301F-11D3-BF4B-00C04F79EFBC}") = "ReportModule", "ReportModule\ReportModule.csproj", "{7E5CDA3E-E113-46E5-BDE2-3192961250DD}"
EndProject
Global
	GlobalSection(SolutionConfigurationPlatforms) = preSolution
		Debug|Any CPU = Debug|Any CPU
		Release|Any CPU = Release|Any CPU
	EndGlobalSection
	GlobalSection(ProjectConfigurationPlatforms) = postSolution
		{84B55137-014B-448C-97DE-FC3C7D7B90E5}.Debug|Any CPU.ActiveCfg = Debug|Any CPU
		{84B55137-014B-448C-97DE-FC3C7D7B90E5}.Debug|Any CPU.Build.0 = Debug|Any CPU
		{84B55137-014B-448C-97DE-FC3C7D7B90E5}.Release|Any CPU.ActiveCfg = Release|Any CPU
		{84B55137-014B-448C-97DE-FC3C7D7B90E5}.Release|Any CPU.Build.0 = Release|Any CPU
		{799EAED5-0479-4760-8421-DBB73D17CD27}.Debug|Any CPU.ActiveCfg = Debug|Any CPU
		{799EAED5-0479-4760-8421-DBB73D17CD27}.Debug|Any CPU.Build.0 = Debug|Any CPU
		{799EAED5-0479-4760-8421-DBB73D17CD27}.Release|Any CPU.ActiveCfg = Release|Any CPU
		{799EAED5-0479-4760-8421-DBB73D17CD27}.Release|Any CPU.Build.0 = Release|Any CPU
		{284610F8-7924-4DBD-95FC-4C9DE5353916}.Debug|Any CPU.ActiveCfg = Debug|Any CPU
		{284610F8-7924-4DBD-95FC-4C9DE5353916}.Debug|Any CPU.Build.0 = Debug|Any CPU
		{284610F8-7924-4DBD-95FC-4C9DE5353916}.Release|Any CPU.ActiveCfg = Release|Any CPU
		{284610F8-7924-4DBD-95FC-4C9DE5353916}.Release|Any CPU.Build.0 = Release|Any CPU
		{F529CAC2-B500-44A1-B18B-D72776062CE6}.Debug|Any CPU.ActiveCfg = Debug|Any CPU
		{F529CAC2-B500-44A1-B18B-D72776062CE6}.Debug|Any CPU.Build.0 = Debug|Any CPU
		{F529CAC2-B500-44A1-B18B-D72776062CE6}.Release|Any CPU.ActiveCfg = Release|Any CPU
		{F529CAC2-B500-44A1-B18B-D72776062CE6}.Release|Any CPU.Build.0 = Release|Any CPU
		{7E5CDA3E-E113-46E5-BDE2-3192961250DD}.Debug|Any CPU.ActiveCfg = Debug|Any CPU
		{7E5CDA3E-E113-46E5-BDE2-3192961250DD}.Debug|Any CPU.Build.0 = Debug|Any CPU
		{7E5CDA3E-E113-46E5-BDE2-3192961250DD}.Release|Any CPU.ActiveCfg = Release|Any CPU
		{7E5CDA3E-E113-46E5-BDE2-3192961250DD}.Release|Any CPU.Build.0 = Release|Any CPU
	EndGlobalSection
	GlobalSection(SolutionProperties) = preSolution
		HideSolutionNode = FALSE
	EndGlobalSection
	GlobalSection(ExtensibilityGlobals) = postSolution
		SolutionGuid = {3621D4B3-F5CE-41C3-A721-5DB39A8D3E52}
	EndGlobalSection
EndGlobal
