
Microsoft Visual Studio Solution File, Format Version 12.00
# Visual Studio 15
VisualStudioVersion = 15.0.28307.271
MinimumVisualStudioVersion = 10.0.40219.1
Project("{FAE04EC0-301F-11D3-BF4B-00C04F79EFBC}") = "AppThatFailsEveryOtherTime", "AppThatFailsEveryOtherTime\AppThatFailsEveryOtherTime.csproj", "{60480DC3-E073-4E44-8F83-A40B257BE83C}"
EndProject
Project("{FAE04EC0-301F-11D3-BF4B-00C04F79EFBC}") = "AppThatFailsEveryTenthTime", "AppThatFailsEveryTenthTime\AppThatFailsEveryTenthTime.csproj", "{33555545-C211-49BB-9CEE-19A758CBA054}"
EndProject
Project("{FAE04EC0-301F-11D3-BF4B-00C04F79EFBC}") = "AppThatFailsEveryThreeOutOfFour", "AppThatFailsEveryThreeOutOfFour\AppThatFailsEveryThreeOutOfFour.csproj", "{F9600C96-A872-49D4-9994-F40FDA61FB5C}"
EndProject
Project("{FAE04EC0-301F-11D3-BF4B-00C04F79EFBC}") = "AppNotCompiledWithSecurityAttributes", "AppNotCompiledWithSecurityAttributes\AppNotCompiledWithSecurityAttributes.csproj", "{1D8163B1-59B0-41F6-9E47-7BA3996706DB}"
EndProject
Project("{FAE04EC0-301F-11D3-BF4B-00C04F79EFBC}") = "AppThatReadsNumberFromFileAndFails", "AppThatReadsNumberFromFileAndFails\AppThatReadsNumberFromFileAndFails.csproj", "{382B8B37-DDB1-4E29-A6CA-B0E8272363AC}"
EndProject
Project("{8BC9CEB8-8B4A-11D0-8D11-00A0C91BC942}") = "AppWithoutSecurityGuards", "AppWithoutSecurityGuards\AppWithoutSecurityGuards.vcxproj", "{2CE20475-B95F-42D3-8016-F4C6B1DA2701}"
EndProject
Global
	GlobalSection(SolutionConfigurationPlatforms) = preSolution
		Debug|Any CPU = Debug|Any CPU
		Debug|x64 = Debug|x64
		Debug|x86 = Debug|x86
		Release|Any CPU = Release|Any CPU
		Release|x64 = Release|x64
		Release|x86 = Release|x86
	EndGlobalSection
	GlobalSection(ProjectConfigurationPlatforms) = postSolution
		{60480DC3-E073-4E44-8F83-A40B257BE83C}.Debug|Any CPU.ActiveCfg = Debug|Any CPU
		{60480DC3-E073-4E44-8F83-A40B257BE83C}.Debug|Any CPU.Build.0 = Debug|Any CPU
		{60480DC3-E073-4E44-8F83-A40B257BE83C}.Debug|x64.ActiveCfg = Debug|Any CPU
		{60480DC3-E073-4E44-8F83-A40B257BE83C}.Debug|x64.Build.0 = Debug|Any CPU
		{60480DC3-E073-4E44-8F83-A40B257BE83C}.Debug|x86.ActiveCfg = Debug|Any CPU
		{60480DC3-E073-4E44-8F83-A40B257BE83C}.Debug|x86.Build.0 = Debug|Any CPU
		{60480DC3-E073-4E44-8F83-A40B257BE83C}.Release|Any CPU.ActiveCfg = Release|Any CPU
		{60480DC3-E073-4E44-8F83-A40B257BE83C}.Release|Any CPU.Build.0 = Release|Any CPU
		{60480DC3-E073-4E44-8F83-A40B257BE83C}.Release|x64.ActiveCfg = Release|Any CPU
		{60480DC3-E073-4E44-8F83-A40B257BE83C}.Release|x64.Build.0 = Release|Any CPU
		{60480DC3-E073-4E44-8F83-A40B257BE83C}.Release|x86.ActiveCfg = Release|Any CPU
		{60480DC3-E073-4E44-8F83-A40B257BE83C}.Release|x86.Build.0 = Release|Any CPU
		{33555545-C211-49BB-9CEE-19A758CBA054}.Debug|Any CPU.ActiveCfg = Debug|Any CPU
		{33555545-C211-49BB-9CEE-19A758CBA054}.Debug|Any CPU.Build.0 = Debug|Any CPU
		{33555545-C211-49BB-9CEE-19A758CBA054}.Debug|x64.ActiveCfg = Debug|Any CPU
		{33555545-C211-49BB-9CEE-19A758CBA054}.Debug|x64.Build.0 = Debug|Any CPU
		{33555545-C211-49BB-9CEE-19A758CBA054}.Debug|x86.ActiveCfg = Debug|Any CPU
		{33555545-C211-49BB-9CEE-19A758CBA054}.Debug|x86.Build.0 = Debug|Any CPU
		{33555545-C211-49BB-9CEE-19A758CBA054}.Release|Any CPU.ActiveCfg = Release|Any CPU
		{33555545-C211-49BB-9CEE-19A758CBA054}.Release|Any CPU.Build.0 = Release|Any CPU
		{33555545-C211-49BB-9CEE-19A758CBA054}.Release|x64.ActiveCfg = Release|Any CPU
		{33555545-C211-49BB-9CEE-19A758CBA054}.Release|x64.Build.0 = Release|Any CPU
		{33555545-C211-49BB-9CEE-19A758CBA054}.Release|x86.ActiveCfg = Release|Any CPU
		{33555545-C211-49BB-9CEE-19A758CBA054}.Release|x86.Build.0 = Release|Any CPU
		{F9600C96-A872-49D4-9994-F40FDA61FB5C}.Debug|Any CPU.ActiveCfg = Debug|Any CPU
		{F9600C96-A872-49D4-9994-F40FDA61FB5C}.Debug|Any CPU.Build.0 = Debug|Any CPU
		{F9600C96-A872-49D4-9994-F40FDA61FB5C}.Debug|x64.ActiveCfg = Debug|Any CPU
		{F9600C96-A872-49D4-9994-F40FDA61FB5C}.Debug|x64.Build.0 = Debug|Any CPU
		{F9600C96-A872-49D4-9994-F40FDA61FB5C}.Debug|x86.ActiveCfg = Debug|Any CPU
		{F9600C96-A872-49D4-9994-F40FDA61FB5C}.Debug|x86.Build.0 = Debug|Any CPU
		{F9600C96-A872-49D4-9994-F40FDA61FB5C}.Release|Any CPU.ActiveCfg = Release|Any CPU
		{F9600C96-A872-49D4-9994-F40FDA61FB5C}.Release|Any CPU.Build.0 = Release|Any CPU
		{F9600C96-A872-49D4-9994-F40FDA61FB5C}.Release|x64.ActiveCfg = Release|Any CPU
		{F9600C96-A872-49D4-9994-F40FDA61FB5C}.Release|x64.Build.0 = Release|Any CPU
		{F9600C96-A872-49D4-9994-F40FDA61FB5C}.Release|x86.ActiveCfg = Release|Any CPU
		{F9600C96-A872-49D4-9994-F40FDA61FB5C}.Release|x86.Build.0 = Release|Any CPU
		{1D8163B1-59B0-41F6-9E47-7BA3996706DB}.Debug|Any CPU.ActiveCfg = Debug|Any CPU
		{1D8163B1-59B0-41F6-9E47-7BA3996706DB}.Debug|Any CPU.Build.0 = Debug|Any CPU
		{1D8163B1-59B0-41F6-9E47-7BA3996706DB}.Debug|x64.ActiveCfg = Debug|Any CPU
		{1D8163B1-59B0-41F6-9E47-7BA3996706DB}.Debug|x64.Build.0 = Debug|Any CPU
		{1D8163B1-59B0-41F6-9E47-7BA3996706DB}.Debug|x86.ActiveCfg = Debug|Any CPU
		{1D8163B1-59B0-41F6-9E47-7BA3996706DB}.Debug|x86.Build.0 = Debug|Any CPU
		{1D8163B1-59B0-41F6-9E47-7BA3996706DB}.Release|Any CPU.ActiveCfg = Release|Any CPU
		{1D8163B1-59B0-41F6-9E47-7BA3996706DB}.Release|Any CPU.Build.0 = Release|Any CPU
		{1D8163B1-59B0-41F6-9E47-7BA3996706DB}.Release|x64.ActiveCfg = Release|Any CPU
		{1D8163B1-59B0-41F6-9E47-7BA3996706DB}.Release|x64.Build.0 = Release|Any CPU
		{1D8163B1-59B0-41F6-9E47-7BA3996706DB}.Release|x86.ActiveCfg = Release|Any CPU
		{1D8163B1-59B0-41F6-9E47-7BA3996706DB}.Release|x86.Build.0 = Release|Any CPU
		{382B8B37-DDB1-4E29-A6CA-B0E8272363AC}.Debug|Any CPU.ActiveCfg = Debug|Any CPU
		{382B8B37-DDB1-4E29-A6CA-B0E8272363AC}.Debug|Any CPU.Build.0 = Debug|Any CPU
		{382B8B37-DDB1-4E29-A6CA-B0E8272363AC}.Debug|x64.ActiveCfg = Debug|Any CPU
		{382B8B37-DDB1-4E29-A6CA-B0E8272363AC}.Debug|x64.Build.0 = Debug|Any CPU
		{382B8B37-DDB1-4E29-A6CA-B0E8272363AC}.Debug|x86.ActiveCfg = Debug|Any CPU
		{382B8B37-DDB1-4E29-A6CA-B0E8272363AC}.Debug|x86.Build.0 = Debug|Any CPU
		{382B8B37-DDB1-4E29-A6CA-B0E8272363AC}.Release|Any CPU.ActiveCfg = Release|Any CPU
		{382B8B37-DDB1-4E29-A6CA-B0E8272363AC}.Release|Any CPU.Build.0 = Release|Any CPU
		{382B8B37-DDB1-4E29-A6CA-B0E8272363AC}.Release|x64.ActiveCfg = Release|Any CPU
		{382B8B37-DDB1-4E29-A6CA-B0E8272363AC}.Release|x64.Build.0 = Release|Any CPU
		{382B8B37-DDB1-4E29-A6CA-B0E8272363AC}.Release|x86.ActiveCfg = Release|Any CPU
		{382B8B37-DDB1-4E29-A6CA-B0E8272363AC}.Release|x86.Build.0 = Release|Any CPU
		{2CE20475-B95F-42D3-8016-F4C6B1DA2701}.Debug|Any CPU.ActiveCfg = Debug|Win32
		{2CE20475-B95F-42D3-8016-F4C6B1DA2701}.Debug|x64.ActiveCfg = Debug|x64
		{2CE20475-B95F-42D3-8016-F4C6B1DA2701}.Debug|x64.Build.0 = Debug|x64
		{2CE20475-B95F-42D3-8016-F4C6B1DA2701}.Debug|x86.ActiveCfg = Debug|Win32
		{2CE20475-B95F-42D3-8016-F4C6B1DA2701}.Debug|x86.Build.0 = Debug|Win32
		{2CE20475-B95F-42D3-8016-F4C6B1DA2701}.Release|Any CPU.ActiveCfg = Release|Win32
		{2CE20475-B95F-42D3-8016-F4C6B1DA2701}.Release|x64.ActiveCfg = Release|x64
		{2CE20475-B95F-42D3-8016-F4C6B1DA2701}.Release|x64.Build.0 = Release|x64
		{2CE20475-B95F-42D3-8016-F4C6B1DA2701}.Release|x86.ActiveCfg = Release|Win32
		{2CE20475-B95F-42D3-8016-F4C6B1DA2701}.Release|x86.Build.0 = Release|Win32
	EndGlobalSection
	GlobalSection(SolutionProperties) = preSolution
		HideSolutionNode = FALSE
	EndGlobalSection
	GlobalSection(ExtensibilityGlobals) = postSolution
		SolutionGuid = {DAC6270B-A9A7-4603-9978-9FDEC7F1B9EF}
	EndGlobalSection
EndGlobal
